
Microsoft Visual Studio Solution File, Format Version 12.00
# Visual Studio Version 17
VisualStudioVersion = 17.5.002.0
MinimumVisualStudioVersion = 10.0.40219.1
Project("{9A19103F-16F7-4668-BE54-9A1E7A4F7556}") = "api", "api\api.csproj", "{DCA1673C-80BF-4731-9DD6-FD9427AD90E6}"
EndProject
Global
	GlobalSection(SolutionConfigurationPlatforms) = preSolution
		Debug|Any CPU = Debug|Any CPU
		Release|Any CPU = Release|Any CPU
	EndGlobalSection
	GlobalSection(ProjectConfigurationPlatforms) = postSolution
		{DCA1673C-80BF-4731-9DD6-FD9427AD90E6}.Debug|Any CPU.ActiveCfg = Debug|Any CPU
		{DCA1673C-80BF-4731-9DD6-FD9427AD90E6}.Debug|Any CPU.Build.0 = Debug|Any CPU
		{DCA1673C-80BF-4731-9DD6-FD9427AD90E6}.Release|Any CPU.ActiveCfg = Release|Any CPU
		{DCA1673C-80BF-4731-9DD6-FD9427AD90E6}.Release|Any CPU.Build.0 = Release|Any CPU
	EndGlobalSection
	GlobalSection(SolutionProperties) = preSolution
		HideSolutionNode = FALSE
	EndGlobalSection
	GlobalSection(ExtensibilityGlobals) = postSolution
		SolutionGuid = {3C01CCA3-8977-4C6B-82E5-E996B67212A2}
	EndGlobalSection
EndGlobal
